// !$*UTF8*$!
{
	archiveVersion = 1;
	classes = {
	};
	objectVersion = 46;
	objects = {

/* Begin PBXBuildFile section */
		C9429B4E18B79C5800C755BC /* Foundation.framework in Frameworks */ = {isa = PBXBuildFile; fileRef = C9429B4D18B79C5800C755BC /* Foundation.framework */; };
		C9429B5018B79C5800C755BC /* CoreGraphics.framework in Frameworks */ = {isa = PBXBuildFile; fileRef = C9429B4F18B79C5800C755BC /* CoreGraphics.framework */; };
		C9429B5218B79C5800C755BC /* UIKit.framework in Frameworks */ = {isa = PBXBuildFile; fileRef = C9429B5118B79C5800C755BC /* UIKit.framework */; };
		C9429B5818B79C5800C755BC /* InfoPlist.strings in Resources */ = {isa = PBXBuildFile; fileRef = C9429B5618B79C5800C755BC /* InfoPlist.strings */; };
		C9429B5A18B79C5800C755BC /* main.m in Sources */ = {isa = PBXBuildFile; fileRef = C9429B5918B79C5800C755BC /* main.m */; };
		C9429B5E18B79C5800C755BC /* AppDelegate.m in Sources */ = {isa = PBXBuildFile; fileRef = C9429B5D18B79C5800C755BC /* AppDelegate.m */; };
		C9429B6118B79C5800C755BC /* Main_iPhone.storyboard in Resources */ = {isa = PBXBuildFile; fileRef = C9429B5F18B79C5800C755BC /* Main_iPhone.storyboard */; };
		C9429B6418B79C5800C755BC /* Main_iPad.storyboard in Resources */ = {isa = PBXBuildFile; fileRef = C9429B6218B79C5800C755BC /* Main_iPad.storyboard */; };
		C9429B6718B79C5800C755BC /* ViewController.m in Sources */ = {isa = PBXBuildFile; fileRef = C9429B6618B79C5800C755BC /* ViewController.m */; };
		C9429B6918B79C5800C755BC /* Images.xcassets in Resources */ = {isa = PBXBuildFile; fileRef = C9429B6818B79C5800C755BC /* Images.xcassets */; };
		C9429B7018B79C5900C755BC /* XCTest.framework in Frameworks */ = {isa = PBXBuildFile; fileRef = C9429B6F18B79C5900C755BC /* XCTest.framework */; };
		C9429B7118B79C5900C755BC /* Foundation.framework in Frameworks */ = {isa = PBXBuildFile; fileRef = C9429B4D18B79C5800C755BC /* Foundation.framework */; };
		C9429B7218B79C5900C755BC /* UIKit.framework in Frameworks */ = {isa = PBXBuildFile; fileRef = C9429B5118B79C5800C755BC /* UIKit.framework */; };
		C9429B7A18B79C5900C755BC /* InfoPlist.strings in Resources */ = {isa = PBXBuildFile; fileRef = C9429B7818B79C5900C755BC /* InfoPlist.strings */; };
		C9429B7C18B79C5900C755BC /* CustomUITests.m in Sources */ = {isa = PBXBuildFile; fileRef = C9429B7B18B79C5900C755BC /* CustomUITests.m */; };
		C9429B8818B79C9200C755BC /* MainCustomUI.m in Sources */ = {isa = PBXBuildFile; fileRef = C9429B8718B79C9200C755BC /* MainCustomUI.m */; };
		C9429B9318B7A17B00C755BC /* ViewControllerClass1.m in Sources */ = {isa = PBXBuildFile; fileRef = C9429B9218B7A17B00C755BC /* ViewControllerClass1.m */; };
		C9429B9618B7A18800C755BC /* ViewControllerClass2.m in Sources */ = {isa = PBXBuildFile; fileRef = C9429B9518B7A18800C755BC /* ViewControllerClass2.m */; };
		C9429BB918B7A5B000C755BC /* back.png in Resources */ = {isa = PBXBuildFile; fileRef = C9429BB118B7A5B000C755BC /* back.png */; };
		C9429BBA18B7A5B000C755BC /* back@2x.png in Resources */ = {isa = PBXBuildFile; fileRef = C9429BB218B7A5B000C755BC /* back@2x.png */; };
		C9429BBB18B7A5B000C755BC /* CommonBackground.png in Resources */ = {isa = PBXBuildFile; fileRef = C9429BB318B7A5B000C755BC /* CommonBackground.png */; };
		C9429BBC18B7A5B000C755BC /* CommonBackground@2x.png in Resources */ = {isa = PBXBuildFile; fileRef = C9429BB418B7A5B000C755BC /* CommonBackground@2x.png */; };
		C9429BBD18B7A5B000C755BC /* NewOrrangButton.png in Resources */ = {isa = PBXBuildFile; fileRef = C9429BB518B7A5B000C755BC /* NewOrrangButton.png */; };
		C9429BBE18B7A5B000C755BC /* NewOrrangButton@2x.png in Resources */ = {isa = PBXBuildFile; fileRef = C9429BB618B7A5B000C755BC /* NewOrrangButton@2x.png */; };
		C9429BBF18B7A5B000C755BC /* yOrrange.png in Resources */ = {isa = PBXBuildFile; fileRef = C9429BB718B7A5B000C755BC /* yOrrange.png */; };
		C9429BC018B7A5B000C755BC /* yOrrange@2x.png in Resources */ = {isa = PBXBuildFile; fileRef = C9429BB818B7A5B000C755BC /* yOrrange@2x.png */; };
		C98C159E1A746FC600B53D6B /* UIColor+UIColorCategory.m in Sources */ = {isa = PBXBuildFile; fileRef = C98C159D1A746FC600B53D6B /* UIColor+UIColorCategory.m */; };
		C98C15A11A746FFE00B53D6B /* UIBarButtonItem+UIBarButtonCategory.m in Sources */ = {isa = PBXBuildFile; fileRef = C98C15A01A746FFE00B53D6B /* UIBarButtonItem+UIBarButtonCategory.m */; };
		C98C15AF1A74818100B53D6B /* UIControl+SKTargetEventBlock.m in Sources */ = {isa = PBXBuildFile; fileRef = C98C15AE1A74818100B53D6B /* UIControl+SKTargetEventBlock.m */; };
		C98C15B21A7483F000B53D6B /* UIViewController+BaseController.m in Sources */ = {isa = PBXBuildFile; fileRef = C98C15B11A7483F000B53D6B /* UIViewController+BaseController.m */; };
/* End PBXBuildFile section */

/* Begin PBXContainerItemProxy section */
		C9429B7318B79C5900C755BC /* PBXContainerItemProxy */ = {
			isa = PBXContainerItemProxy;
			containerPortal = C9429B4218B79C5800C755BC /* Project object */;
			proxyType = 1;
			remoteGlobalIDString = C9429B4918B79C5800C755BC;
			remoteInfo = CustomUI;
		};
/* End PBXContainerItemProxy section */

/* Begin PBXFileReference section */
		C9429B4A18B79C5800C755BC /* CustomUI.app */ = {isa = PBXFileReference; explicitFileType = wrapper.application; includeInIndex = 0; path = CustomUI.app; sourceTree = BUILT_PRODUCTS_DIR; };
		C9429B4D18B79C5800C755BC /* Foundation.framework */ = {isa = PBXFileReference; lastKnownFileType = wrapper.framework; name = Foundation.framework; path = System/Library/Frameworks/Foundation.framework; sourceTree = SDKROOT; };
		C9429B4F18B79C5800C755BC /* CoreGraphics.framework */ = {isa = PBXFileReference; lastKnownFileType = wrapper.framework; name = CoreGraphics.framework; path = System/Library/Frameworks/CoreGraphics.framework; sourceTree = SDKROOT; };
		C9429B5118B79C5800C755BC /* UIKit.framework */ = {isa = PBXFileReference; lastKnownFileType = wrapper.framework; name = UIKit.framework; path = System/Library/Frameworks/UIKit.framework; sourceTree = SDKROOT; };
		C9429B5518B79C5800C755BC /* CustomUI-Info.plist */ = {isa = PBXFileReference; lastKnownFileType = text.plist.xml; path = "CustomUI-Info.plist"; sourceTree = "<group>"; };
		C9429B5718B79C5800C755BC /* en */ = {isa = PBXFileReference; lastKnownFileType = text.plist.strings; name = en; path = en.lproj/InfoPlist.strings; sourceTree = "<group>"; };
		C9429B5918B79C5800C755BC /* main.m */ = {isa = PBXFileReference; lastKnownFileType = sourcecode.c.objc; path = main.m; sourceTree = "<group>"; };
		C9429B5B18B79C5800C755BC /* CustomUI-Prefix.pch */ = {isa = PBXFileReference; lastKnownFileType = sourcecode.c.h; path = "CustomUI-Prefix.pch"; sourceTree = "<group>"; };
		C9429B5C18B79C5800C755BC /* AppDelegate.h */ = {isa = PBXFileReference; lastKnownFileType = sourcecode.c.h; path = AppDelegate.h; sourceTree = "<group>"; };
		C9429B5D18B79C5800C755BC /* AppDelegate.m */ = {isa = PBXFileReference; lastKnownFileType = sourcecode.c.objc; path = AppDelegate.m; sourceTree = "<group>"; };
		C9429B6018B79C5800C755BC /* Base */ = {isa = PBXFileReference; lastKnownFileType = file.storyboard; name = Base; path = Base.lproj/Main_iPhone.storyboard; sourceTree = "<group>"; };
		C9429B6318B79C5800C755BC /* Base */ = {isa = PBXFileReference; lastKnownFileType = file.storyboard; name = Base; path = Base.lproj/Main_iPad.storyboard; sourceTree = "<group>"; };
		C9429B6518B79C5800C755BC /* ViewController.h */ = {isa = PBXFileReference; lastKnownFileType = sourcecode.c.h; path = ViewController.h; sourceTree = "<group>"; };
		C9429B6618B79C5800C755BC /* ViewController.m */ = {isa = PBXFileReference; lastKnownFileType = sourcecode.c.objc; path = ViewController.m; sourceTree = "<group>"; };
		C9429B6818B79C5800C755BC /* Images.xcassets */ = {isa = PBXFileReference; lastKnownFileType = folder.assetcatalog; path = Images.xcassets; sourceTree = "<group>"; };
		C9429B6E18B79C5900C755BC /* CustomUITests.xctest */ = {isa = PBXFileReference; explicitFileType = wrapper.cfbundle; includeInIndex = 0; path = CustomUITests.xctest; sourceTree = BUILT_PRODUCTS_DIR; };
		C9429B6F18B79C5900C755BC /* XCTest.framework */ = {isa = PBXFileReference; lastKnownFileType = wrapper.framework; name = XCTest.framework; path = Library/Frameworks/XCTest.framework; sourceTree = DEVELOPER_DIR; };
		C9429B7718B79C5900C755BC /* CustomUITests-Info.plist */ = {isa = PBXFileReference; lastKnownFileType = text.plist.xml; path = "CustomUITests-Info.plist"; sourceTree = "<group>"; };
		C9429B7918B79C5900C755BC /* en */ = {isa = PBXFileReference; lastKnownFileType = text.plist.strings; name = en; path = en.lproj/InfoPlist.strings; sourceTree = "<group>"; };
		C9429B7B18B79C5900C755BC /* CustomUITests.m */ = {isa = PBXFileReference; lastKnownFileType = sourcecode.c.objc; path = CustomUITests.m; sourceTree = "<group>"; };
		C9429B8618B79C9200C755BC /* MainCustomUI.h */ = {isa = PBXFileReference; fileEncoding = 4; lastKnownFileType = sourcecode.c.h; path = MainCustomUI.h; sourceTree = "<group>"; };
		C9429B8718B79C9200C755BC /* MainCustomUI.m */ = {isa = PBXFileReference; fileEncoding = 4; lastKnownFileType = sourcecode.c.objc; path = MainCustomUI.m; sourceTree = "<group>"; };
		C9429B9118B7A17B00C755BC /* ViewControllerClass1.h */ = {isa = PBXFileReference; fileEncoding = 4; lastKnownFileType = sourcecode.c.h; path = ViewControllerClass1.h; sourceTree = "<group>"; };
		C9429B9218B7A17B00C755BC /* ViewControllerClass1.m */ = {isa = PBXFileReference; fileEncoding = 4; lastKnownFileType = sourcecode.c.objc; path = ViewControllerClass1.m; sourceTree = "<group>"; };
		C9429B9418B7A18800C755BC /* ViewControllerClass2.h */ = {isa = PBXFileReference; fileEncoding = 4; lastKnownFileType = sourcecode.c.h; path = ViewControllerClass2.h; sourceTree = "<group>"; };
		C9429B9518B7A18800C755BC /* ViewControllerClass2.m */ = {isa = PBXFileReference; fileEncoding = 4; lastKnownFileType = sourcecode.c.objc; path = ViewControllerClass2.m; sourceTree = "<group>"; };
		C9429BB118B7A5B000C755BC /* back.png */ = {isa = PBXFileReference; lastKnownFileType = image.png; path = back.png; sourceTree = "<group>"; };
		C9429BB218B7A5B000C755BC /* back@2x.png */ = {isa = PBXFileReference; lastKnownFileType = image.png; path = "back@2x.png"; sourceTree = "<group>"; };
		C9429BB318B7A5B000C755BC /* CommonBackground.png */ = {isa = PBXFileReference; lastKnownFileType = image.png; path = CommonBackground.png; sourceTree = "<group>"; };
		C9429BB418B7A5B000C755BC /* CommonBackground@2x.png */ = {isa = PBXFileReference; lastKnownFileType = image.png; path = "CommonBackground@2x.png"; sourceTree = "<group>"; };
		C9429BB518B7A5B000C755BC /* NewOrrangButton.png */ = {isa = PBXFileReference; lastKnownFileType = image.png; path = NewOrrangButton.png; sourceTree = "<group>"; };
		C9429BB618B7A5B000C755BC /* NewOrrangButton@2x.png */ = {isa = PBXFileReference; lastKnownFileType = image.png; path = "NewOrrangButton@2x.png"; sourceTree = "<group>"; };
		C9429BB718B7A5B000C755BC /* yOrrange.png */ = {isa = PBXFileReference; lastKnownFileType = image.png; path = yOrrange.png; sourceTree = "<group>"; };
		C9429BB818B7A5B000C755BC /* yOrrange@2x.png */ = {isa = PBXFileReference; lastKnownFileType = image.png; path = "yOrrange@2x.png"; sourceTree = "<group>"; };
		C98C159C1A746FC600B53D6B /* UIColor+UIColorCategory.h */ = {isa = PBXFileReference; fileEncoding = 4; lastKnownFileType = sourcecode.c.h; path = "UIColor+UIColorCategory.h"; sourceTree = "<group>"; };
		C98C159D1A746FC600B53D6B /* UIColor+UIColorCategory.m */ = {isa = PBXFileReference; fileEncoding = 4; lastKnownFileType = sourcecode.c.objc; path = "UIColor+UIColorCategory.m"; sourceTree = "<group>"; };
		C98C159F1A746FFE00B53D6B /* UIBarButtonItem+UIBarButtonCategory.h */ = {isa = PBXFileReference; fileEncoding = 4; lastKnownFileType = sourcecode.c.h; path = "UIBarButtonItem+UIBarButtonCategory.h"; sourceTree = "<group>"; };
		C98C15A01A746FFE00B53D6B /* UIBarButtonItem+UIBarButtonCategory.m */ = {isa = PBXFileReference; fileEncoding = 4; lastKnownFileType = sourcecode.c.objc; path = "UIBarButtonItem+UIBarButtonCategory.m"; sourceTree = "<group>"; };
		C98C15AD1A74818100B53D6B /* UIControl+SKTargetEventBlock.h */ = {isa = PBXFileReference; fileEncoding = 4; lastKnownFileType = sourcecode.c.h; path = "UIControl+SKTargetEventBlock.h"; sourceTree = "<group>"; };
		C98C15AE1A74818100B53D6B /* UIControl+SKTargetEventBlock.m */ = {isa = PBXFileReference; fileEncoding = 4; lastKnownFileType = sourcecode.c.objc; path = "UIControl+SKTargetEventBlock.m"; sourceTree = "<group>"; };
		C98C15B01A7483F000B53D6B /* UIViewController+BaseController.h */ = {isa = PBXFileReference; fileEncoding = 4; lastKnownFileType = sourcecode.c.h; path = "UIViewController+BaseController.h"; sourceTree = "<group>"; };
		C98C15B11A7483F000B53D6B /* UIViewController+BaseController.m */ = {isa = PBXFileReference; fileEncoding = 4; lastKnownFileType = sourcecode.c.objc; path = "UIViewController+BaseController.m"; sourceTree = "<group>"; };
/* End PBXFileReference section */

/* Begin PBXFrameworksBuildPhase section */
		C9429B4718B79C5800C755BC /* Frameworks */ = {
			isa = PBXFrameworksBuildPhase;
			buildActionMask = 2147483647;
			files = (
				C9429B5018B79C5800C755BC /* CoreGraphics.framework in Frameworks */,
				C9429B5218B79C5800C755BC /* UIKit.framework in Frameworks */,
				C9429B4E18B79C5800C755BC /* Foundation.framework in Frameworks */,
			);
			runOnlyForDeploymentPostprocessing = 0;
		};
		C9429B6B18B79C5900C755BC /* Frameworks */ = {
			isa = PBXFrameworksBuildPhase;
			buildActionMask = 2147483647;
			files = (
				C9429B7018B79C5900C755BC /* XCTest.framework in Frameworks */,
				C9429B7218B79C5900C755BC /* UIKit.framework in Frameworks */,
				C9429B7118B79C5900C755BC /* Foundation.framework in Frameworks */,
			);
			runOnlyForDeploymentPostprocessing = 0;
		};
/* End PBXFrameworksBuildPhase section */

/* Begin PBXGroup section */
		C9429B4118B79C5800C755BC = {
			isa = PBXGroup;
			children = (
				C9429B5318B79C5800C755BC /* CustomUI */,
				C9429B7518B79C5900C755BC /* CustomUITests */,
				C9429B4C18B79C5800C755BC /* Frameworks */,
				C9429B4B18B79C5800C755BC /* Products */,
			);
			sourceTree = "<group>";
		};
		C9429B4B18B79C5800C755BC /* Products */ = {
			isa = PBXGroup;
			children = (
				C9429B4A18B79C5800C755BC /* CustomUI.app */,
				C9429B6E18B79C5900C755BC /* CustomUITests.xctest */,
			);
			name = Products;
			sourceTree = "<group>";
		};
		C9429B4C18B79C5800C755BC /* Frameworks */ = {
			isa = PBXGroup;
			children = (
				C9429B4D18B79C5800C755BC /* Foundation.framework */,
				C9429B4F18B79C5800C755BC /* CoreGraphics.framework */,
				C9429B5118B79C5800C755BC /* UIKit.framework */,
				C9429B6F18B79C5900C755BC /* XCTest.framework */,
			);
			name = Frameworks;
			sourceTree = "<group>";
		};
		C9429B5318B79C5800C755BC /* CustomUI */ = {
			isa = PBXGroup;
			children = (
				C98C15AC1A74818100B53D6B /* UIControlCategory */,
				C98C159B1A746FC600B53D6B /* UIColorCategory */,
				C98C15971A746F7100B53D6B /* UIBarButtonCategory */,
				C9429B8518B79C6F00C755BC /* BaseUI */,
				C9429B5C18B79C5800C755BC /* AppDelegate.h */,
				C9429B5D18B79C5800C755BC /* AppDelegate.m */,
				C9429B5F18B79C5800C755BC /* Main_iPhone.storyboard */,
				C9429B6218B79C5800C755BC /* Main_iPad.storyboard */,
				C9429B6518B79C5800C755BC /* ViewController.h */,
				C9429B6618B79C5800C755BC /* ViewController.m */,
				C9429B9118B7A17B00C755BC /* ViewControllerClass1.h */,
				C9429B9218B7A17B00C755BC /* ViewControllerClass1.m */,
				C9429B9418B7A18800C755BC /* ViewControllerClass2.h */,
				C9429B9518B7A18800C755BC /* ViewControllerClass2.m */,
				C9429B6818B79C5800C755BC /* Images.xcassets */,
				C9429B5418B79C5800C755BC /* Supporting Files */,
			);
			path = CustomUI;
			sourceTree = "<group>";
		};
		C9429B5418B79C5800C755BC /* Supporting Files */ = {
			isa = PBXGroup;
			children = (
				C9429BB018B7A5B000C755BC /* images */,
				C9429B5518B79C5800C755BC /* CustomUI-Info.plist */,
				C9429B5618B79C5800C755BC /* InfoPlist.strings */,
				C9429B5918B79C5800C755BC /* main.m */,
				C9429B5B18B79C5800C755BC /* CustomUI-Prefix.pch */,
			);
			name = "Supporting Files";
			sourceTree = "<group>";
		};
		C9429B7518B79C5900C755BC /* CustomUITests */ = {
			isa = PBXGroup;
			children = (
				C9429B7B18B79C5900C755BC /* CustomUITests.m */,
				C9429B7618B79C5900C755BC /* Supporting Files */,
			);
			path = CustomUITests;
			sourceTree = "<group>";
		};
		C9429B7618B79C5900C755BC /* Supporting Files */ = {
			isa = PBXGroup;
			children = (
				C9429B7718B79C5900C755BC /* CustomUITests-Info.plist */,
				C9429B7818B79C5900C755BC /* InfoPlist.strings */,
			);
			name = "Supporting Files";
			sourceTree = "<group>";
		};
		C9429B8518B79C6F00C755BC /* BaseUI */ = {
			isa = PBXGroup;
			children = (
				C9429B8618B79C9200C755BC /* MainCustomUI.h */,
				C9429B8718B79C9200C755BC /* MainCustomUI.m */,
				C98C15B01A7483F000B53D6B /* UIViewController+BaseController.h */,
				C98C15B11A7483F000B53D6B /* UIViewController+BaseController.m */,
			);
			path = BaseUI;
			sourceTree = "<group>";
		};
		C9429BB018B7A5B000C755BC /* images */ = {
			isa = PBXGroup;
			children = (
				C9429BB118B7A5B000C755BC /* back.png */,
				C9429BB218B7A5B000C755BC /* back@2x.png */,
				C9429BB318B7A5B000C755BC /* CommonBackground.png */,
				C9429BB418B7A5B000C755BC /* CommonBackground@2x.png */,
				C9429BB518B7A5B000C755BC /* NewOrrangButton.png */,
				C9429BB618B7A5B000C755BC /* NewOrrangButton@2x.png */,
				C9429BB718B7A5B000C755BC /* yOrrange.png */,
				C9429BB818B7A5B000C755BC /* yOrrange@2x.png */,
			);
			path = images;
			sourceTree = "<group>";
		};
		C98C15971A746F7100B53D6B /* UIBarButtonCategory */ = {
			isa = PBXGroup;
			children = (
				C98C159F1A746FFE00B53D6B /* UIBarButtonItem+UIBarButtonCategory.h */,
				C98C15A01A746FFE00B53D6B /* UIBarButtonItem+UIBarButtonCategory.m */,
			);
			path = UIBarButtonCategory;
			sourceTree = "<group>";
		};
		C98C159B1A746FC600B53D6B /* UIColorCategory */ = {
			isa = PBXGroup;
			children = (
				C98C159C1A746FC600B53D6B /* UIColor+UIColorCategory.h */,
				C98C159D1A746FC600B53D6B /* UIColor+UIColorCategory.m */,
			);
			path = UIColorCategory;
			sourceTree = "<group>";
		};
		C98C15AC1A74818100B53D6B /* UIControlCategory */ = {
			isa = PBXGroup;
			children = (
				C98C15AD1A74818100B53D6B /* UIControl+SKTargetEventBlock.h */,
				C98C15AE1A74818100B53D6B /* UIControl+SKTargetEventBlock.m */,
			);
			path = UIControlCategory;
			sourceTree = "<group>";
		};
/* End PBXGroup section */

/* Begin PBXNativeTarget section */
		C9429B4918B79C5800C755BC /* CustomUI */ = {
			isa = PBXNativeTarget;
			buildConfigurationList = C9429B7F18B79C5900C755BC /* Build configuration list for PBXNativeTarget "CustomUI" */;
			buildPhases = (
				C9429B4618B79C5800C755BC /* Sources */,
				C9429B4718B79C5800C755BC /* Frameworks */,
				C9429B4818B79C5800C755BC /* Resources */,
			);
			buildRules = (
			);
			dependencies = (
			);
			name = CustomUI;
			productName = CustomUI;
			productReference = C9429B4A18B79C5800C755BC /* CustomUI.app */;
			productType = "com.apple.product-type.application";
		};
		C9429B6D18B79C5900C755BC /* CustomUITests */ = {
			isa = PBXNativeTarget;
			buildConfigurationList = C9429B8218B79C5900C755BC /* Build configuration list for PBXNativeTarget "CustomUITests" */;
			buildPhases = (
				C9429B6A18B79C5900C755BC /* Sources */,
				C9429B6B18B79C5900C755BC /* Frameworks */,
				C9429B6C18B79C5900C755BC /* Resources */,
			);
			buildRules = (
			);
			dependencies = (
				C9429B7418B79C5900C755BC /* PBXTargetDependency */,
			);
			name = CustomUITests;
			productName = CustomUITests;
			productReference = C9429B6E18B79C5900C755BC /* CustomUITests.xctest */;
			productType = "com.apple.product-type.bundle.unit-test";
		};
/* End PBXNativeTarget section */

/* Begin PBXProject section */
		C9429B4218B79C5800C755BC /* Project object */ = {
			isa = PBXProject;
			attributes = {
				LastUpgradeCheck = 0610;
				ORGANIZATIONNAME = "Adit Hasan";
				TargetAttributes = {
					C9429B6D18B79C5900C755BC = {
						TestTargetID = C9429B4918B79C5800C755BC;
					};
				};
			};
			buildConfigurationList = C9429B4518B79C5800C755BC /* Build configuration list for PBXProject "CustomUI" */;
			compatibilityVersion = "Xcode 3.2";
			developmentRegion = English;
			hasScannedForEncodings = 0;
			knownRegions = (
				en,
				Base,
			);
			mainGroup = C9429B4118B79C5800C755BC;
			productRefGroup = C9429B4B18B79C5800C755BC /* Products */;
			projectDirPath = "";
			projectRoot = "";
			targets = (
				C9429B4918B79C5800C755BC /* CustomUI */,
				C9429B6D18B79C5900C755BC /* CustomUITests */,
			);
		};
/* End PBXProject section */

/* Begin PBXResourcesBuildPhase section */
		C9429B4818B79C5800C755BC /* Resources */ = {
			isa = PBXResourcesBuildPhase;
			buildActionMask = 2147483647;
			files = (
				C9429B6418B79C5800C755BC /* Main_iPad.storyboard in Resources */,
				C9429BB918B7A5B000C755BC /* back.png in Resources */,
				C9429B6918B79C5800C755BC /* Images.xcassets in Resources */,
				C9429BBF18B7A5B000C755BC /* yOrrange.png in Resources */,
				C9429B6118B79C5800C755BC /* Main_iPhone.storyboard in Resources */,
				C9429BBB18B7A5B000C755BC /* CommonBackground.png in Resources */,
				C9429BBC18B7A5B000C755BC /* CommonBackground@2x.png in Resources */,
				C9429BC018B7A5B000C755BC /* yOrrange@2x.png in Resources */,
				C9429BBE18B7A5B000C755BC /* NewOrrangButton@2x.png in Resources */,
				C9429B5818B79C5800C755BC /* InfoPlist.strings in Resources */,
				C9429BBD18B7A5B000C755BC /* NewOrrangButton.png in Resources */,
				C9429BBA18B7A5B000C755BC /* back@2x.png in Resources */,
			);
			runOnlyForDeploymentPostprocessing = 0;
		};
		C9429B6C18B79C5900C755BC /* Resources */ = {
			isa = PBXResourcesBuildPhase;
			buildActionMask = 2147483647;
			files = (
				C9429B7A18B79C5900C755BC /* InfoPlist.strings in Resources */,
			);
			runOnlyForDeploymentPostprocessing = 0;
		};
/* End PBXResourcesBuildPhase section */

/* Begin PBXSourcesBuildPhase section */
		C9429B4618B79C5800C755BC /* Sources */ = {
			isa = PBXSourcesBuildPhase;
			buildActionMask = 2147483647;
			files = (
				C9429B6718B79C5800C755BC /* ViewController.m in Sources */,
				C9429B5E18B79C5800C755BC /* AppDelegate.m in Sources */,
				C9429B9618B7A18800C755BC /* ViewControllerClass2.m in Sources */,
				C9429B9318B7A17B00C755BC /* ViewControllerClass1.m in Sources */,
				C98C15AF1A74818100B53D6B /* UIControl+SKTargetEventBlock.m in Sources */,
				C9429B5A18B79C5800C755BC /* main.m in Sources */,
				C9429B8818B79C9200C755BC /* MainCustomUI.m in Sources */,
				C98C15A11A746FFE00B53D6B /* UIBarButtonItem+UIBarButtonCategory.m in Sources */,
				C98C159E1A746FC600B53D6B /* UIColor+UIColorCategory.m in Sources */,
				C98C15B21A7483F000B53D6B /* UIViewController+BaseController.m in Sources */,
			);
			runOnlyForDeploymentPostprocessing = 0;
		};
		C9429B6A18B79C5900C755BC /* Sources */ = {
			isa = PBXSourcesBuildPhase;
			buildActionMask = 2147483647;
			files = (
				C9429B7C18B79C5900C755BC /* CustomUITests.m in Sources */,
			);
			runOnlyForDeploymentPostprocessing = 0;
		};
/* End PBXSourcesBuildPhase section */

/* Begin PBXTargetDependency section */
		C9429B7418B79C5900C755BC /* PBXTargetDependency */ = {
			isa = PBXTargetDependency;
			target = C9429B4918B79C5800C755BC /* CustomUI */;
			targetProxy = C9429B7318B79C5900C755BC /* PBXContainerItemProxy */;
		};
/* End PBXTargetDependency section */

/* Begin PBXVariantGroup section */
		C9429B5618B79C5800C755BC /* InfoPlist.strings */ = {
			isa = PBXVariantGroup;
			children = (
				C9429B5718B79C5800C755BC /* en */,
			);
			name = InfoPlist.strings;
			sourceTree = "<group>";
		};
		C9429B5F18B79C5800C755BC /* Main_iPhone.storyboard */ = {
			isa = PBXVariantGroup;
			children = (
				C9429B6018B79C5800C755BC /* Base */,
			);
			name = Main_iPhone.storyboard;
			sourceTree = "<group>";
		};
		C9429B6218B79C5800C755BC /* Main_iPad.storyboard */ = {
			isa = PBXVariantGroup;
			children = (
				C9429B6318B79C5800C755BC /* Base */,
			);
			name = Main_iPad.storyboard;
			sourceTree = "<group>";
		};
		C9429B7818B79C5900C755BC /* InfoPlist.strings */ = {
			isa = PBXVariantGroup;
			children = (
				C9429B7918B79C5900C755BC /* en */,
			);
			name = InfoPlist.strings;
			sourceTree = "<group>";
		};
/* End PBXVariantGroup section */

/* Begin XCBuildConfiguration section */
		C9429B7D18B79C5900C755BC /* Debug */ = {
			isa = XCBuildConfiguration;
			buildSettings = {
				ALWAYS_SEARCH_USER_PATHS = NO;
				CLANG_CXX_LANGUAGE_STANDARD = "gnu++0x";
				CLANG_CXX_LIBRARY = "libc++";
				CLANG_ENABLE_MODULES = YES;
				CLANG_ENABLE_OBJC_ARC = YES;
				CLANG_WARN_BOOL_CONVERSION = YES;
				CLANG_WARN_CONSTANT_CONVERSION = YES;
				CLANG_WARN_DIRECT_OBJC_ISA_USAGE = YES_ERROR;
				CLANG_WARN_EMPTY_BODY = YES;
				CLANG_WARN_ENUM_CONVERSION = YES;
				CLANG_WARN_INT_CONVERSION = YES;
				CLANG_WARN_OBJC_ROOT_CLASS = YES_ERROR;
				CLANG_WARN__DUPLICATE_METHOD_MATCH = YES;
				"CODE_SIGN_IDENTITY[sdk=iphoneos*]" = "iPhone Developer";
				COPY_PHASE_STRIP = NO;
				GCC_C_LANGUAGE_STANDARD = gnu99;
				GCC_DYNAMIC_NO_PIC = NO;
				GCC_OPTIMIZATION_LEVEL = 0;
				GCC_PREPROCESSOR_DEFINITIONS = (
					"DEBUG=1",
					"$(inherited)",
				);
				GCC_SYMBOLS_PRIVATE_EXTERN = NO;
				GCC_WARN_64_TO_32_BIT_CONVERSION = YES;
				GCC_WARN_ABOUT_RETURN_TYPE = YES_ERROR;
				GCC_WARN_UNDECLARED_SELECTOR = YES;
				GCC_WARN_UNINITIALIZED_AUTOS = YES;
				GCC_WARN_UNUSED_FUNCTION = YES;
				GCC_WARN_UNUSED_VARIABLE = YES;
				IPHONEOS_DEPLOYMENT_TARGET = 7.0;
				ONLY_ACTIVE_ARCH = YES;
				SDKROOT = iphoneos;
				TARGETED_DEVICE_FAMILY = "1,2";
			};
			name = Debug;
		};
		C9429B7E18B79C5900C755BC /* Release */ = {
			isa = XCBuildConfiguration;
			buildSettings = {
				ALWAYS_SEARCH_USER_PATHS = NO;
				CLANG_CXX_LANGUAGE_STANDARD = "gnu++0x";
				CLANG_CXX_LIBRARY = "libc++";
				CLANG_ENABLE_MODULES = YES;
				CLANG_ENABLE_OBJC_ARC = YES;
				CLANG_WARN_BOOL_CONVERSION = YES;
				CLANG_WARN_CONSTANT_CONVERSION = YES;
				CLANG_WARN_DIRECT_OBJC_ISA_USAGE = YES_ERROR;
				CLANG_WARN_EMPTY_BODY = YES;
				CLANG_WARN_ENUM_CONVERSION = YES;
				CLANG_WARN_INT_CONVERSION = YES;
				CLANG_WARN_OBJC_ROOT_CLASS = YES_ERROR;
				CLANG_WARN__DUPLICATE_METHOD_MATCH = YES;
				"CODE_SIGN_IDENTITY[sdk=iphoneos*]" = "iPhone Developer";
				COPY_PHASE_STRIP = YES;
				ENABLE_NS_ASSERTIONS = NO;
				GCC_C_LANGUAGE_STANDARD = gnu99;
				GCC_WARN_64_TO_32_BIT_CONVERSION = YES;
				GCC_WARN_ABOUT_RETURN_TYPE = YES_ERROR;
				GCC_WARN_UNDECLARED_SELECTOR = YES;
				GCC_WARN_UNINITIALIZED_AUTOS = YES;
				GCC_WARN_UNUSED_FUNCTION = YES;
				GCC_WARN_UNUSED_VARIABLE = YES;
				IPHONEOS_DEPLOYMENT_TARGET = 7.0;
				SDKROOT = iphoneos;
				TARGETED_DEVICE_FAMILY = "1,2";
				VALIDATE_PRODUCT = YES;
			};
			name = Release;
		};
		C9429B8018B79C5900C755BC /* Debug */ = {
			isa = XCBuildConfiguration;
			buildSettings = {
				ASSETCATALOG_COMPILER_APPICON_NAME = AppIcon;
				ASSETCATALOG_COMPILER_LAUNCHIMAGE_NAME = LaunchImage;
				GCC_PRECOMPILE_PREFIX_HEADER = YES;
				GCC_PREFIX_HEADER = "CustomUI/CustomUI-Prefix.pch";
				INFOPLIST_FILE = "CustomUI/CustomUI-Info.plist";
				PRODUCT_NAME = "$(TARGET_NAME)";
				WRAPPER_EXTENSION = app;
			};
			name = Debug;
		};
		C9429B8118B79C5900C755BC /* Release */ = {
			isa = XCBuildConfiguration;
			buildSettings = {
				ASSETCATALOG_COMPILER_APPICON_NAME = AppIcon;
				ASSETCATALOG_COMPILER_LAUNCHIMAGE_NAME = LaunchImage;
				GCC_PRECOMPILE_PREFIX_HEADER = YES;
				GCC_PREFIX_HEADER = "CustomUI/CustomUI-Prefix.pch";
				INFOPLIST_FILE = "CustomUI/CustomUI-Info.plist";
				PRODUCT_NAME = "$(TARGET_NAME)";
				WRAPPER_EXTENSION = app;
			};
			name = Release;
		};
		C9429B8318B79C5900C755BC /* Debug */ = {
			isa = XCBuildConfiguration;
			buildSettings = {
				BUNDLE_LOADER = "$(BUILT_PRODUCTS_DIR)/CustomUI.app/CustomUI";
				FRAMEWORK_SEARCH_PATHS = (
					"$(SDKROOT)/Developer/Library/Frameworks",
					"$(inherited)",
					"$(DEVELOPER_FRAMEWORKS_DIR)",
				);
				GCC_PRECOMPILE_PREFIX_HEADER = YES;
				GCC_PREFIX_HEADER = "CustomUI/CustomUI-Prefix.pch";
				GCC_PREPROCESSOR_DEFINITIONS = (
					"DEBUG=1",
					"$(inherited)",
				);
				INFOPLIST_FILE = "CustomUITests/CustomUITests-Info.plist";
				PRODUCT_NAME = "$(TARGET_NAME)";
				TEST_HOST = "$(BUNDLE_LOADER)";
				WRAPPER_EXTENSION = xctest;
			};
			name = Debug;
		};
		C9429B8418B79C5900C755BC /* Release */ = {
			isa = XCBuildConfiguration;
			buildSettings = {
				BUNDLE_LOADER = "$(BUILT_PRODUCTS_DIR)/CustomUI.app/CustomUI";
				FRAMEWORK_SEARCH_PATHS = (
					"$(SDKROOT)/Developer/Library/Frameworks",
					"$(inherited)",
					"$(DEVELOPER_FRAMEWORKS_DIR)",
				);
				GCC_PRECOMPILE_PREFIX_HEADER = YES;
				GCC_PREFIX_HEADER = "CustomUI/CustomUI-Prefix.pch";
				INFOPLIST_FILE = "CustomUITests/CustomUITests-Info.plist";
				PRODUCT_NAME = "$(TARGET_NAME)";
				TEST_HOST = "$(BUNDLE_LOADER)";
				WRAPPER_EXTENSION = xctest;
			};
			name = Release;
		};
/* End XCBuildConfiguration section */

/* Begin XCConfigurationList section */
		C9429B4518B79C5800C755BC /* Build configuration list for PBXProject "CustomUI" */ = {
			isa = XCConfigurationList;
			buildConfigurations = (
				C9429B7D18B79C5900C755BC /* Debug */,
				C9429B7E18B79C5900C755BC /* Release */,
			);
			defaultConfigurationIsVisible = 0;
			defaultConfigurationName = Release;
		};
		C9429B7F18B79C5900C755BC /* Build configuration list for PBXNativeTarget "CustomUI" */ = {
			isa = XCConfigurationList;
			buildConfigurations = (
				C9429B8018B79C5900C755BC /* Debug */,
				C9429B8118B79C5900C755BC /* Release */,
			);
			defaultConfigurationIsVisible = 0;
			defaultConfigurationName = Release;
		};
		C9429B8218B79C5900C755BC /* Build configuration list for PBXNativeTarget "CustomUITests" */ = {
			isa = XCConfigurationList;
			buildConfigurations = (
				C9429B8318B79C5900C755BC /* Debug */,
				C9429B8418B79C5900C755BC /* Release */,
			);
			defaultConfigurationIsVisible = 0;
			defaultConfigurationName = Release;
		};
/* End XCConfigurationList section */
	};
	rootObject = C9429B4218B79C5800C755BC /* Project object */;
}
